github.com/gopherjs/gopherjs v1.17.2 h1:fQnZVsXk8uxXIStYb0N4bGk7jeyTalG/wsZjQ25dO0g=
github.com/gopherjs/gopherjs v1.17.2/go.mod h1:pRRIvn/QzFLrKfvEz3qUuEhtE/zLCWfreZ6J5gM2i+k=
honnef.co/go/js/dom v0.0.0-20210725211120-f030747120f2 h1:oomkgU6VaQDsV6qZby2uz1Lap0eXmku8+2em3A/l700=
honnef.co/go/js/dom v0.0.0-20210725211120-f030747120f2/go.mod h1:sUMDUKNB2ZcVjt92UnLy3cdGs+wDAcrPdV3JP6sVgA4=
